
Microsoft Visual Studio Solution File, Format Version 12.00
# Visual Studio Version 16
VisualStudioVersion = 16.0.30011.22
MinimumVisualStudioVersion = 10.0.40219.1
Project("{FAE04EC0-301F-11D3-BF4B-00C04F79EFBC}") = "TestApplication", "TestApplication\TestApplication.csproj", "{951F9E40-01AB-45EC-A14C-064E9AB7938D}"
EndProject
Project("{FAE04EC0-301F-11D3-BF4B-00C04F79EFBC}") = "CertificateVerifier", "CertificateVerifier\CertificateVerifier.csproj", "{FB667987-7A18-426B-AB7F-CDF0A380BEE7}"
EndProject
Global
	GlobalSection(SolutionConfigurationPlatforms) = preSolution
		Debug|Any CPU = Debug|Any CPU
		Release|Any CPU = Release|Any CPU
	EndGlobalSection
	GlobalSection(ProjectConfigurationPlatforms) = postSolution
		{951F9E40-01AB-45EC-A14C-064E9AB7938D}.Debug|Any CPU.ActiveCfg = Debug|Any CPU
		{951F9E40-01AB-45EC-A14C-064E9AB7938D}.Debug|Any CPU.Build.0 = Debug|Any CPU
		{951F9E40-01AB-45EC-A14C-064E9AB7938D}.Release|Any CPU.ActiveCfg = Release|Any CPU
		{951F9E40-01AB-45EC-A14C-064E9AB7938D}.Release|Any CPU.Build.0 = Release|Any CPU
		{FB667987-7A18-426B-AB7F-CDF0A380BEE7}.Debug|Any CPU.ActiveCfg = Debug|Any CPU
		{FB667987-7A18-426B-AB7F-CDF0A380BEE7}.Debug|Any CPU.Build.0 = Debug|Any CPU
		{FB667987-7A18-426B-AB7F-CDF0A380BEE7}.Release|Any CPU.ActiveCfg = Release|Any CPU
		{FB667987-7A18-426B-AB7F-CDF0A380BEE7}.Release|Any CPU.Build.0 = Release|Any CPU
	EndGlobalSection
	GlobalSection(SolutionProperties) = preSolution
		HideSolutionNode = FALSE
	EndGlobalSection
	GlobalSection(ExtensibilityGlobals) = postSolution
		SolutionGuid = {CECAE17A-CDD9-47C3-B5FF-2A8A36B15FBA}
	EndGlobalSection
EndGlobal
